
Microsoft Visual Studio Solution File, Format Version 12.00
# Visual Studio Version 17
VisualStudioVersion = 17.14.36414.22
MinimumVisualStudioVersion = 10.0.40219.1
Project("{2150E333-8FDC-42A3-9474-1A3956D46DE8}") = "Task0", "Task0", "{36D591C7-65C7-A0D1-1CBC-10CDE441BDC8}"
EndProject
Project("{FAE04EC0-301F-11D3-BF4B-00C04F79EFBC}") = "Tyuiu.NikitinRYu.Sprint0.Task0.V0", "Tyuiu.NikitinRYu.Sprint0.Task0.V0\Tyuiu.NikitinRYu.Sprint0.Task0.V0.csproj", "{13A2888C-A3BD-432D-BDF6-F7EF6CA1C597}"
EndProject
Project("{2150E333-8FDC-42A3-9474-1A3956D46DE8}") = "Task1", "Task1", "{C34F5819-60E2-47FB-8680-75A470FA611F}"
EndProject
Project("{FAE04EC0-301F-11D3-BF4B-00C04F79EFBC}") = "Tyuiu.NikitinRYu.Sprint0.Task1.V0", "Tyuiu.NikitinRYu.Sprint0.Task1.V0\Tyuiu.NikitinRYu.Sprint0.Task1.V0.csproj", "{7A8C0DE4-1195-497D-B2F5-46D27152BFB0}"
EndProject
Project("{2150E333-8FDC-42A3-9474-1A3956D46DE8}") = "Task2", "Task2", "{048F6AB1-FB84-4CB3-B6A1-3CAF1B7CE015}"
EndProject
Project("{FAE04EC0-301F-11D3-BF4B-00C04F79EFBC}") = "Tyuiu.NikitinRYu.Sprint0.Task2.V0", "ConsoleApp1\Tyuiu.NikitinRYu.Sprint0.Task2.V0.csproj", "{682E9F43-B9C4-46C2-ABAF-6D6E65199047}"
EndProject
Project("{FAE04EC0-301F-11D3-BF4B-00C04F79EFBC}") = "Tyuiu.NikitinRYu.Sprint0.Task2.V0.Lib", "Tyuiu.NikitinRYu.Sprint0.Task2.V0.Lib\Tyuiu.NikitinRYu.Sprint0.Task2.V0.Lib.csproj", "{0449B463-3517-4221-9AE3-B595E3FDF4A1}"
EndProject
Project("{FAE04EC0-301F-11D3-BF4B-00C04F79EFBC}") = "Tyuiu.NikitinRYu.Sprint0.Task2.V0.Test", "Tyuiu.NikitinRYu.Sprint0.Task2.V0.Test\Tyuiu.NikitinRYu.Sprint0.Task2.V0.Test.csproj", "{FC95BF97-D94E-40D7-87DF-74BC89F16028}"
EndProject
Project("{2150E333-8FDC-42A3-9474-1A3956D46DE8}") = "Task3", "Task3", "{3639E474-F832-4B2F-9DB0-174445433300}"
EndProject
Project("{FAE04EC0-301F-11D3-BF4B-00C04F79EFBC}") = "Tyuiu.NikitinRYu.Sprint0.Task3.V0", "Tyuiu.NikitinRYu.Sprint0.Task3.V0\Tyuiu.NikitinRYu.Sprint0.Task3.V0.csproj", "{31F28853-68D5-4C8D-8D0D-19ED0773C213}"
EndProject
Project("{FAE04EC0-301F-11D3-BF4B-00C04F79EFBC}") = "Tyuiu.NikitinRYu.Sprint0.Task3.V0.Lib", "Tyuiu.NikitinRYu.Sprint0.Task3.V0.Lib\Tyuiu.NikitinRYu.Sprint0.Task3.V0.Lib.csproj", "{56449B58-2092-4137-AEE0-163048298512}"
EndProject
Project("{FAE04EC0-301F-11D3-BF4B-00C04F79EFBC}") = "Tyuiu.NikitinRYu.Sprint0.Task3.V0.Test", "Tyuiu.NikitinRYu.Sprint0.Task3.V0.Test\Tyuiu.NikitinRYu.Sprint0.Task3.V0.Test.csproj", "{7CDB6067-399F-4DAD-94CD-B8338F1930B7}"
EndProject
Global
	GlobalSection(SolutionConfigurationPlatforms) = preSolution
		Debug|Any CPU = Debug|Any CPU
		Release|Any CPU = Release|Any CPU
	EndGlobalSection
	GlobalSection(ProjectConfigurationPlatforms) = postSolution
		{13A2888C-A3BD-432D-BDF6-F7EF6CA1C597}.Debug|Any CPU.ActiveCfg = Debug|Any CPU
		{13A2888C-A3BD-432D-BDF6-F7EF6CA1C597}.Debug|Any CPU.Build.0 = Debug|Any CPU
		{13A2888C-A3BD-432D-BDF6-F7EF6CA1C597}.Release|Any CPU.ActiveCfg = Release|Any CPU
		{13A2888C-A3BD-432D-BDF6-F7EF6CA1C597}.Release|Any CPU.Build.0 = Release|Any CPU
		{7A8C0DE4-1195-497D-B2F5-46D27152BFB0}.Debug|Any CPU.ActiveCfg = Debug|Any CPU
		{7A8C0DE4-1195-497D-B2F5-46D27152BFB0}.Debug|Any CPU.Build.0 = Debug|Any CPU
		{7A8C0DE4-1195-497D-B2F5-46D27152BFB0}.Release|Any CPU.ActiveCfg = Release|Any CPU
		{7A8C0DE4-1195-497D-B2F5-46D27152BFB0}.Release|Any CPU.Build.0 = Release|Any CPU
		{682E9F43-B9C4-46C2-ABAF-6D6E65199047}.Debug|Any CPU.ActiveCfg = Debug|Any CPU
		{682E9F43-B9C4-46C2-ABAF-6D6E65199047}.Debug|Any CPU.Build.0 = Debug|Any CPU
		{682E9F43-B9C4-46C2-ABAF-6D6E65199047}.Release|Any CPU.ActiveCfg = Release|Any CPU
		{682E9F43-B9C4-46C2-ABAF-6D6E65199047}.Release|Any CPU.Build.0 = Release|Any CPU
		{0449B463-3517-4221-9AE3-B595E3FDF4A1}.Debug|Any CPU.ActiveCfg = Debug|Any CPU
		{0449B463-3517-4221-9AE3-B595E3FDF4A1}.Debug|Any CPU.Build.0 = Debug|Any CPU
		{0449B463-3517-4221-9AE3-B595E3FDF4A1}.Release|Any CPU.ActiveCfg = Release|Any CPU
		{0449B463-3517-4221-9AE3-B595E3FDF4A1}.Release|Any CPU.Build.0 = Release|Any CPU
		{FC95BF97-D94E-40D7-87DF-74BC89F16028}.Debug|Any CPU.ActiveCfg = Debug|Any CPU
		{FC95BF97-D94E-40D7-87DF-74BC89F16028}.Debug|Any CPU.Build.0 = Debug|Any CPU
		{FC95BF97-D94E-40D7-87DF-74BC89F16028}.Release|Any CPU.ActiveCfg = Release|Any CPU
		{FC95BF97-D94E-40D7-87DF-74BC89F16028}.Release|Any CPU.Build.0 = Release|Any CPU
		{31F28853-68D5-4C8D-8D0D-19ED0773C213}.Debug|Any CPU.ActiveCfg = Debug|Any CPU
		{31F28853-68D5-4C8D-8D0D-19ED0773C213}.Debug|Any CPU.Build.0 = Debug|Any CPU
		{31F28853-68D5-4C8D-8D0D-19ED0773C213}.Release|Any CPU.ActiveCfg = Release|Any CPU
		{31F28853-68D5-4C8D-8D0D-19ED0773C213}.Release|Any CPU.Build.0 = Release|Any CPU
		{56449B58-2092-4137-AEE0-163048298512}.Debug|Any CPU.ActiveCfg = Debug|Any CPU
		{56449B58-2092-4137-AEE0-163048298512}.Debug|Any CPU.Build.0 = Debug|Any CPU
		{56449B58-2092-4137-AEE0-163048298512}.Release|Any CPU.ActiveCfg = Release|Any CPU
		{56449B58-2092-4137-AEE0-163048298512}.Release|Any CPU.Build.0 = Release|Any CPU
		{7CDB6067-399F-4DAD-94CD-B8338F1930B7}.Debug|Any CPU.ActiveCfg = Debug|Any CPU
		{7CDB6067-399F-4DAD-94CD-B8338F1930B7}.Debug|Any CPU.Build.0 = Debug|Any CPU
		{7CDB6067-399F-4DAD-94CD-B8338F1930B7}.Release|Any CPU.ActiveCfg = Release|Any CPU
		{7CDB6067-399F-4DAD-94CD-B8338F1930B7}.Release|Any CPU.Build.0 = Release|Any CPU
	EndGlobalSection
	GlobalSection(SolutionProperties) = preSolution
		HideSolutionNode = FALSE
	EndGlobalSection
	GlobalSection(NestedProjects) = preSolution
		{13A2888C-A3BD-432D-BDF6-F7EF6CA1C597} = {36D591C7-65C7-A0D1-1CBC-10CDE441BDC8}
		{7A8C0DE4-1195-497D-B2F5-46D27152BFB0} = {C34F5819-60E2-47FB-8680-75A470FA611F}
		{682E9F43-B9C4-46C2-ABAF-6D6E65199047} = {048F6AB1-FB84-4CB3-B6A1-3CAF1B7CE015}
		{0449B463-3517-4221-9AE3-B595E3FDF4A1} = {048F6AB1-FB84-4CB3-B6A1-3CAF1B7CE015}
		{FC95BF97-D94E-40D7-87DF-74BC89F16028} = {048F6AB1-FB84-4CB3-B6A1-3CAF1B7CE015}
		{31F28853-68D5-4C8D-8D0D-19ED0773C213} = {3639E474-F832-4B2F-9DB0-174445433300}
		{56449B58-2092-4137-AEE0-163048298512} = {3639E474-F832-4B2F-9DB0-174445433300}
		{7CDB6067-399F-4DAD-94CD-B8338F1930B7} = {3639E474-F832-4B2F-9DB0-174445433300}
	EndGlobalSection
	GlobalSection(ExtensibilityGlobals) = postSolution
		SolutionGuid = {02000495-D0FE-4505-90BA-D9EDC26C95B6}
	EndGlobalSection
EndGlobal
